<?xml version="1.0" encoding="utf-8"?>
<Project ToolsVersion="4.0" xmlns="http://schemas.microsoft.com/developer/msbuild/2003">
  <ItemGroup>
    <Filter Include="Source Files">
      <UniqueIdentifier>{4FC737F1-C7A5-4376-A066-2A32D752A2FF}</UniqueIdentifier>
      <Extensions>cpp;c;cc;cxx;def;odl;idl;hpj;bat;asm;asmx</Extensions>
    </Filter>
    <Filter Include="Header Files">
      <UniqueIdentifier>{93995380-89BD-4b04-88EB-625FBE52EBFB}</UniqueIdentifier>
      <Extensions>h;hh;hpp;hxx;hm;inl;inc;xsd</Extensions>
    </Filter>
    <Filter Include="Resource Files">
      <UniqueIdentifier>{D9D6E242-F8AF-46E4-B9FD-80ECBC20BA3E}</UniqueIdentifier>
      <Extensions>qrc;*</Extensions>
      <ParseFiles>false</ParseFiles>
    </Filter>
    <Filter Include="Form Files">
      <UniqueIdentifier>{99349809-55BA-4b9d-BF79-8FDBB0286EB3}</UniqueIdentifier>
      <Extensions>ui</Extensions>
    </Filter>
    <Filter Include="Resource Files">
      <UniqueIdentifier>{D9D6E242-F8AF-46E4-B9FD-80ECBC20BA3E}</UniqueIdentifier>
      <Extensions>qrc;*</Extensions>
      <ParseFiles>false</ParseFiles>
    </Filter>
    <Filter Include="Generated Files">
      <UniqueIdentifier>{71ED8ED8-ACB9-4CE9-BBE1-E00B30144E11}</UniqueIdentifier>
      <Extensions>moc;h;cpp</Extensions>
      <SourceControlFiles>False</SourceControlFiles>
    </Filter>
    <Filter Include="Header Files\Loader">
      <UniqueIdentifier>{d09b506e-484f-46aa-b178-8b9791d5c458}</UniqueIdentifier>
    </Filter>
    <Filter Include="Source Files\Loader">
      <UniqueIdentifier>{5c8d94bf-4def-4683-b7a3-4ef121c217ce}</UniqueIdentifier>
    </Filter>
    <Filter Include="Header Files\ChartCore">
      <UniqueIdentifier>{4b8c5f19-1933-4d0b-863a-46bc788fcc2c}</UniqueIdentifier>
    </Filter>
    <Filter Include="Header Files\LocalFiles">
      <UniqueIdentifier>{faa18f03-3434-4bfe-860a-07a166f3aae9}</UniqueIdentifier>
    </Filter>
    <Filter Include="Source Files\GUI">
      <UniqueIdentifier>{f2f5ae9d-67fa-4d87-adbf-8fc63d66a8ab}</UniqueIdentifier>
    </Filter>
    <Filter Include="Header Files\GUI">
      <UniqueIdentifier>{11984115-b154-434a-99d3-aa587b4ab69f}</UniqueIdentifier>
    </Filter>
    <Filter Include="Source Files\Widget">
      <UniqueIdentifier>{98bb8045-88b0-4c86-97cc-aacbf657d24e}</UniqueIdentifier>
    </Filter>
    <Filter Include="Header Files\Widget">
      <UniqueIdentifier>{72276690-d095-4ef5-ac46-de3399b91601}</UniqueIdentifier>
    </Filter>
    <Filter Include="Source Files\ChartCore">
      <UniqueIdentifier>{e793a7b1-4afb-4482-a82a-e47c85a31a03}</UniqueIdentifier>
    </Filter>
    <Filter Include="Header Files\Entity">
      <UniqueIdentifier>{24eb91a1-23e2-41c9-98c5-f37585bfe18f}</UniqueIdentifier>
    </Filter>
    <Filter Include="Generated Files\Debug">
      <UniqueIdentifier>{85e3bfdf-d5e2-4fae-88f7-d827dad48172}</UniqueIdentifier>
    </Filter>
    <Filter Include="Generated Files\Release">
      <UniqueIdentifier>{4d312eed-eadc-4cd0-bd91-c59feeaf715c}</UniqueIdentifier>
    </Filter>
    <Filter Include="Header Files\Pattern">
      <UniqueIdentifier>{0344bb98-f092-46dc-a0bc-e12546234c4f}</UniqueIdentifier>
    </Filter>
    <Filter Include="Header Files\Wrapper">
      <UniqueIdentifier>{e03763f7-0aad-4781-8bc4-58bfc085c2a2}</UniqueIdentifier>
    </Filter>
    <Filter Include="Source Files\Wrapper">
      <UniqueIdentifier>{9819386e-8461-4fdb-bb6b-6530d59c4906}</UniqueIdentifier>
    </Filter>
    <Filter Include="Source Files\Entity">
      <UniqueIdentifier>{fe19bde5-0f6f-4454-b378-485334ba30d2}</UniqueIdentifier>
    </Filter>
    <Filter Include="Header Files\Indicators">
      <UniqueIdentifier>{b9708fa8-47db-4c2a-8199-2187cb4b77a2}</UniqueIdentifier>
    </Filter>
    <Filter Include="Source Files\Indicators">
      <UniqueIdentifier>{f17e0191-999c-43bd-ad31-14d5bb4cf10f}</UniqueIdentifier>
    </Filter>
    <Filter Include="Header Files\Trade">
      <UniqueIdentifier>{8848902e-ff9d-4a5a-8cfd-e8c8d1508175}</UniqueIdentifier>
    </Filter>
    <Filter Include="Source Files\Trade">
      <UniqueIdentifier>{c30d4cb6-be4f-4a70-89b1-5b1ff3fb989e}</UniqueIdentifier>
    </Filter>
    <Filter Include="Header Files\Controller">
      <UniqueIdentifier>{4a3041a1-ea76-4619-8dbc-2b1b3da1c015}</UniqueIdentifier>
    </Filter>
    <Filter Include="Header Files\Strategy">
      <UniqueIdentifier>{3bf97741-825f-42c4-a205-7dd40a3baef5}</UniqueIdentifier>
    </Filter>
    <Filter Include="Source Files\Strategy">
      <UniqueIdentifier>{622235c2-16e0-42b7-b642-f638eb7ec737}</UniqueIdentifier>
    </Filter>
    <Filter Include="Header Files\Model">
      <UniqueIdentifier>{d2ff611b-7269-42d7-8e3b-115f216114c1}</UniqueIdentifier>
    </Filter>
    <Filter Include="Source Files\Model">
      <UniqueIdentifier>{958604dc-1fa6-47a9-8116-4d2f604d9131}</UniqueIdentifier>
    </Filter>
    <Filter Include="Header Files\Table">
      <UniqueIdentifier>{93172430-3972-441c-b77d-be695992dbaa}</UniqueIdentifier>
    </Filter>
    <Filter Include="Source Files\Table">
      <UniqueIdentifier>{d805d05d-050b-48cc-9954-197d766f491a}</UniqueIdentifier>
    </Filter>
  </ItemGroup>
  <ItemGroup>
    <ClCompile Include="main.cpp">
      <Filter>Source Files</Filter>
    </ClCompile>
    <ClCompile Include="AbstractTradeLoader.cpp">
      <Filter>Source Files\Loader</Filter>
    </ClCompile>
    <ClCompile Include="TradeLoader.cpp">
      <Filter>Source Files\Loader</Filter>
    </ClCompile>
    <ClCompile Include="GUIChart.cpp">
      <Filter>Source Files\GUI</Filter>
    </ClCompile>
    <ClCompile Include="GUIOrderBook.cpp">
      <Filter>Source Files\GUI</Filter>
    </ClCompile>
    <ClCompile Include="MDITerminal.cpp">
      <Filter>Source Files\GUI</Filter>
    </ClCompile>
    <ClCompile Include="ChartView.cpp">
      <Filter>Source Files\Widget</Filter>
    </ClCompile>
    <ClCompile Include="GraphicsTextItem.cpp">
      <Filter>Source Files\ChartCore</Filter>
    </ClCompile>
    <ClCompile Include="Series.cpp">
      <Filter>Source Files\ChartCore</Filter>
    </ClCompile>
    <ClCompile Include="PriceGraphicsTextItem.cpp">
      <Filter>Source Files\ChartCore</Filter>
    </ClCompile>
    <ClCompile Include="GeneratedFiles\qrc_GUIChart.cpp">
      <Filter>Generated Files</Filter>
    </ClCompile>
    <ClCompile Include="GeneratedFiles\Debug\moc_AbstractTradeLoader.cpp">
      <Filter>Generated Files\Debug</Filter>
    </ClCompile>
    <ClCompile Include="GeneratedFiles\Debug\moc_ChartView.cpp">
      <Filter>Generated Files\Debug</Filter>
    </ClCompile>
    <ClCompile Include="GeneratedFiles\Debug\moc_GUIChart.cpp">
      <Filter>Generated Files\Debug</Filter>
    </ClCompile>
    <ClCompile Include="GeneratedFiles\Debug\moc_GUIOrderBook.cpp">
      <Filter>Generated Files\Debug</Filter>
    </ClCompile>
    <ClCompile Include="GeneratedFiles\Debug\moc_Indicator.cpp">
      <Filter>Generated Files\Debug</Filter>
    </ClCompile>
    <ClCompile Include="GeneratedFiles\Debug\moc_MDITerminal.cpp">
      <Filter>Generated Files\Debug</Filter>
    </ClCompile>
    <ClCompile Include="GeneratedFiles\Debug\moc_Series.cpp">
      <Filter>Generated Files\Debug</Filter>
    </ClCompile>
    <ClCompile Include="GeneratedFiles\Release\moc_AbstractTradeLoader.cpp">
      <Filter>Generated Files\Release</Filter>
    </ClCompile>
    <ClCompile Include="GeneratedFiles\Release\moc_ChartView.cpp">
      <Filter>Generated Files\Release</Filter>
    </ClCompile>
    <ClCompile Include="GeneratedFiles\Release\moc_GUIChart.cpp">
      <Filter>Generated Files\Release</Filter>
    </ClCompile>
    <ClCompile Include="GeneratedFiles\Release\moc_GUIOrderBook.cpp">
      <Filter>Generated Files\Release</Filter>
    </ClCompile>
    <ClCompile Include="GeneratedFiles\Release\moc_Indicator.cpp">
      <Filter>Generated Files\Release</Filter>
    </ClCompile>
    <ClCompile Include="GeneratedFiles\Release\moc_MDITerminal.cpp">
      <Filter>Generated Files\Release</Filter>
    </ClCompile>
    <ClCompile Include="GeneratedFiles\Release\moc_Series.cpp">
      <Filter>Generated Files\Release</Filter>
    </ClCompile>
    <ClCompile Include="GeneratedFiles\Debug\moc_GuiLogin.cpp">
      <Filter>Generated Files\Debug</Filter>
    </ClCompile>
    <ClCompile Include="GeneratedFiles\Release\moc_GuiLogin.cpp">
      <Filter>Generated Files\Release</Filter>
    </ClCompile>
    <ClCompile Include="GuiLogin.cpp">
      <Filter>Source Files\GUI</Filter>
    </ClCompile>
    <ClCompile Include="GeneratedFiles\Debug\moc_WrapperDb.cpp">
      <Filter>Generated Files\Debug</Filter>
    </ClCompile>
    <ClCompile Include="GeneratedFiles\Release\moc_WrapperDb.cpp">
      <Filter>Generated Files\Release</Filter>
    </ClCompile>
    <ClCompile Include="WrapperDb.cpp">
      <Filter>Source Files\Wrapper</Filter>
    </ClCompile>
    <ClCompile Include="Indicator.cpp">
      <Filter>Source Files\Entity</Filter>
    </ClCompile>
    <ClCompile Include="TradePrice.cpp">
      <Filter>Source Files\Entity</Filter>
    </ClCompile>
    <ClCompile Include="Client.cpp">
      <Filter>Source Files</Filter>
    </ClCompile>
    <ClCompile Include="GeneratedFiles\Debug\moc_Client.cpp">
      <Filter>Generated Files\Debug</Filter>
    </ClCompile>
    <ClCompile Include="GeneratedFiles\Release\moc_Client.cpp">
      <Filter>Generated Files\Release</Filter>
    </ClCompile>
    <ClCompile Include="Order.cpp">
      <Filter>Source Files\Entity</Filter>
    </ClCompile>
    <ClCompile Include="DepthOrder.cpp">
      <Filter>Source Files\Entity</Filter>
    </ClCompile>
    <ClCompile Include="Chart.cpp">
      <Filter>Source Files</Filter>
    </ClCompile>
    <ClCompile Include="ChartTracker.cpp">
      <Filter>Source Files</Filter>
    </ClCompile>
    <ClCompile Include="GeneratedFiles\Debug\moc_Chart.cpp">
      <Filter>Generated Files\Debug</Filter>
    </ClCompile>
    <ClCompile Include="GeneratedFiles\Release\moc_Chart.cpp">
      <Filter>Generated Files\Release</Filter>
    </ClCompile>
    <ClCompile Include="Calculation.cpp">
      <Filter>Source Files</Filter>
    </ClCompile>
    <ClCompile Include="GeneratedFiles\Debug\moc_GuiIndicatorsList.cpp">
      <Filter>Generated Files\Debug</Filter>
    </ClCompile>
    <ClCompile Include="GeneratedFiles\Release\moc_GuiIndicatorsList.cpp">
      <Filter>Generated Files\Release</Filter>
    </ClCompile>
    <ClCompile Include="GuiIndicatorsList.cpp">
      <Filter>Source Files\GUI</Filter>
    </ClCompile>
    <ClCompile Include="GeneratedFiles\Debug\moc_TradeStorage.cpp">
      <Filter>Generated Files\Debug</Filter>
    </ClCompile>
    <ClCompile Include="GeneratedFiles\Release\moc_TradeStorage.cpp">
      <Filter>Generated Files\Release</Filter>
    </ClCompile>
    <ClCompile Include="GeneratedFiles\Debug\moc_AbstractIndicator.cpp">
      <Filter>Generated Files\Debug</Filter>
    </ClCompile>
    <ClCompile Include="GeneratedFiles\Release\moc_AbstractIndicator.cpp">
      <Filter>Generated Files\Release</Filter>
    </ClCompile>
    <ClCompile Include="GeneratedFiles\Debug\moc_GUICompare.cpp">
      <Filter>Generated Files\Debug</Filter>
    </ClCompile>
    <ClCompile Include="GeneratedFiles\Release\moc_GUICompare.cpp">
      <Filter>Generated Files\Release</Filter>
    </ClCompile>
    <ClCompile Include="IndicatorBollinger.cpp">
      <Filter>Source Files\Indicators</Filter>
    </ClCompile>
    <ClCompile Include="IndicatorDx.cpp">
      <Filter>Source Files\Indicators</Filter>
    </ClCompile>
    <ClCompile Include="IndicatorParabollicSar.cpp">
      <Filter>Source Files\Indicators</Filter>
    </ClCompile>
    <ClCompile Include="IndicatorSma.cpp">
      <Filter>Source Files\Indicators</Filter>
    </ClCompile>
    <ClCompile Include="IndicatorStochastic.cpp">
      <Filter>Source Files\Indicators</Filter>
    </ClCompile>
    <ClCompile Include="AbstractIndicator.cpp">
      <Filter>Source Files\Indicators</Filter>
    </ClCompile>
    <ClCompile Include="GUICompare.cpp">
      <Filter>Source Files\GUI</Filter>
    </ClCompile>
    <ClCompile Include="GeneratedFiles\Debug\moc_UserRegistrationClient.cpp">
      <Filter>Generated Files\Debug</Filter>
    </ClCompile>
    <ClCompile Include="GeneratedFiles\Release\moc_UserRegistrationClient.cpp">
      <Filter>Generated Files\Release</Filter>
    </ClCompile>
    <ClCompile Include="UserRegistrationClient.cpp">
      <Filter>Source Files</Filter>
    </ClCompile>
    <ClCompile Include="GeneratedFiles\Debug\moc_Options.cpp">
      <Filter>Generated Files\Debug</Filter>
    </ClCompile>
    <ClCompile Include="GeneratedFiles\Release\moc_Options.cpp">
      <Filter>Generated Files\Release</Filter>
    </ClCompile>
    <ClCompile Include="Options.cpp">
      <Filter>Source Files</Filter>
    </ClCompile>
    <ClCompile Include="GeneratedFiles\Debug\moc_GuiOptions.cpp">
      <Filter>Generated Files\Debug</Filter>
    </ClCompile>
    <ClCompile Include="GeneratedFiles\Release\moc_GuiOptions.cpp">
      <Filter>Generated Files\Release</Filter>
    </ClCompile>
    <ClCompile Include="GuiOptions.cpp">
      <Filter>Source Files\GUI</Filter>
    </ClCompile>
    <ClCompile Include="GeneratedFiles\Debug\moc_PropertyNotification.cpp">
      <Filter>Generated Files\Debug</Filter>
    </ClCompile>
    <ClCompile Include="GeneratedFiles\Release\moc_PropertyNotification.cpp">
      <Filter>Generated Files\Release</Filter>
    </ClCompile>
    <ClCompile Include="PropertyNotification.cpp">
      <Filter>Source Files\GUI</Filter>
    </ClCompile>
    <ClCompile Include="GeneratedFiles\Debug\moc_ColorListEditor.cpp">
      <Filter>Generated Files\Debug</Filter>
    </ClCompile>
    <ClCompile Include="GeneratedFiles\Release\moc_ColorListEditor.cpp">
      <Filter>Generated Files\Release</Filter>
    </ClCompile>
    <ClCompile Include="ColorListEditor.cpp">
      <Filter>Source Files</Filter>
    </ClCompile>
    <ClCompile Include="GeneratedFiles\Debug\moc_UpDownListEdit.cpp">
      <Filter>Generated Files\Debug</Filter>
    </ClCompile>
    <ClCompile Include="GeneratedFiles\Release\moc_UpDownListEdit.cpp">
      <Filter>Generated Files\Release</Filter>
    </ClCompile>
    <ClCompile Include="UpDownListEdit.cpp">
      <Filter>Source Files</Filter>
    </ClCompile>
    <ClCompile Include="GeneratedFiles\Debug\moc_TradeApiWex.cpp">
      <Filter>Generated Files\Debug</Filter>
    </ClCompile>
    <ClCompile Include="GeneratedFiles\Release\moc_TradeApiWex.cpp">
      <Filter>Generated Files\Release</Filter>
    </ClCompile>
    <ClCompile Include="Position.cpp">
      <Filter>Source Files</Filter>
    </ClCompile>
    <ClCompile Include="PositionController.cpp">
      <Filter>Source Files</Filter>
    </ClCompile>
    <ClCompile Include="GeneratedFiles\Debug\moc_Position.cpp">
      <Filter>Generated Files\Debug</Filter>
    </ClCompile>
    <ClCompile Include="GeneratedFiles\Release\moc_Position.cpp">
      <Filter>Generated Files\Release</Filter>
    </ClCompile>
    <ClCompile Include="GeneratedFiles\Debug\moc_TradeOrderInfo.cpp">
      <Filter>Generated Files\Debug</Filter>
    </ClCompile>
    <ClCompile Include="GeneratedFiles\Release\moc_TradeOrderInfo.cpp">
      <Filter>Generated Files\Release</Filter>
    </ClCompile>
    <ClCompile Include="GeneratedFiles\Debug\moc_PositionController.cpp">
      <Filter>Generated Files\Debug</Filter>
    </ClCompile>
    <ClCompile Include="GeneratedFiles\Release\moc_PositionController.cpp">
      <Filter>Generated Files\Release</Filter>
    </ClCompile>
    <ClCompile Include="GeneratedFiles\Debug\moc_TradeApiCore.cpp">
      <Filter>Generated Files\Debug</Filter>
    </ClCompile>
    <ClCompile Include="GeneratedFiles\Release\moc_TradeApiCore.cpp">
      <Filter>Generated Files\Release</Filter>
    </ClCompile>
    <ClCompile Include="GeneratedFiles\Debug\moc_GuiPosition.cpp">
      <Filter>Generated Files\Debug</Filter>
    </ClCompile>
    <ClCompile Include="GeneratedFiles\Release\moc_GuiPosition.cpp">
      <Filter>Generated Files\Release</Filter>
    </ClCompile>
    <ClCompile Include="GeneratedFiles\Debug\moc_GuiOpenPosition.cpp">
      <Filter>Generated Files\Debug</Filter>
    </ClCompile>
    <ClCompile Include="GeneratedFiles\Release\moc_GuiOpenPosition.cpp">
      <Filter>Generated Files\Release</Filter>
    </ClCompile>
    <ClCompile Include="GeneratedFiles\Debug\moc_GuiLog.cpp">
      <Filter>Generated Files\Debug</Filter>
    </ClCompile>
    <ClCompile Include="GeneratedFiles\Release\moc_GuiLog.cpp">
      <Filter>Generated Files\Release</Filter>
    </ClCompile>
    <ClCompile Include="GuiLog.cpp">
      <Filter>Source Files\GUI</Filter>
    </ClCompile>
    <ClCompile Include="GeneratedFiles\Debug\moc_PropertyApi.cpp">
      <Filter>Generated Files\Debug</Filter>
    </ClCompile>
    <ClCompile Include="GeneratedFiles\Release\moc_PropertyApi.cpp">
      <Filter>Generated Files\Release</Filter>
    </ClCompile>
    <ClCompile Include="PropertyApi.cpp">
      <Filter>Source Files</Filter>
    </ClCompile>
    <ClCompile Include="GeneratedFiles\Debug\moc_GuiModifyPosition.cpp">
      <Filter>Generated Files\Debug</Filter>
    </ClCompile>
    <ClCompile Include="GeneratedFiles\Release\moc_GuiModifyPosition.cpp">
      <Filter>Generated Files\Release</Filter>
    </ClCompile>
    <ClCompile Include="GuiModifyPosition.cpp">
      <Filter>Source Files\GUI</Filter>
    </ClCompile>
    <ClCompile Include="GeneratedFiles\Debug\moc_TablePosition.cpp">
      <Filter>Generated Files\Debug</Filter>
    </ClCompile>
    <ClCompile Include="GeneratedFiles\Release\moc_TablePosition.cpp">
      <Filter>Generated Files\Release</Filter>
    </ClCompile>
    <ClCompile Include="GeneratedFiles\Debug\moc_TableOrder.cpp">
      <Filter>Generated Files\Debug</Filter>
    </ClCompile>
    <ClCompile Include="GeneratedFiles\Release\moc_TableOrder.cpp">
      <Filter>Generated Files\Release</Filter>
    </ClCompile>
    <ClCompile Include="TradeStorage.cpp">
      <Filter>Source Files\Trade</Filter>
    </ClCompile>
    <ClCompile Include="TradeApiCore.cpp">
      <Filter>Source Files\Trade</Filter>
    </ClCompile>
    <ClCompile Include="TradeApiWex.cpp">
      <Filter>Source Files\Trade</Filter>
    </ClCompile>
    <ClCompile Include="TradeOrderInfo.cpp">
      <Filter>Source Files\Trade</Filter>
    </ClCompile>
    <ClCompile Include="TradeApiDemo.cpp">
      <Filter>Source Files</Filter>
    </ClCompile>
    <ClCompile Include="GeneratedFiles\Debug\moc_TradeApiDemo.cpp">
      <Filter>Generated Files\Debug</Filter>
    </ClCompile>
    <ClCompile Include="GeneratedFiles\Release\moc_TradeApiDemo.cpp">
      <Filter>Generated Files\Release</Filter>
    </ClCompile>
    <ClCompile Include="GeneratedFiles\Debug\moc_ControllerOrderBook.cpp">
      <Filter>Generated Files\Debug</Filter>
    </ClCompile>
    <ClCompile Include="GeneratedFiles\Release\moc_ControllerOrderBook.cpp">
      <Filter>Generated Files\Release</Filter>
    </ClCompile>
    <ClCompile Include="ControllerOrderBook.cpp">
      <Filter>Source Files</Filter>
    </ClCompile>
    <ClCompile Include="GeneratedFiles\Debug\moc_Balance.cpp">
      <Filter>Generated Files\Debug</Filter>
    </ClCompile>
    <ClCompile Include="GeneratedFiles\Release\moc_Balance.cpp">
      <Filter>Generated Files\Release</Filter>
    </ClCompile>
    <ClCompile Include="Entity\Balance.cpp">
      <Filter>Source Files</Filter>
    </ClCompile>
    <ClCompile Include="GeneratedFiles\Debug\moc_Martingale.cpp">
      <Filter>Generated Files\Debug</Filter>
    </ClCompile>
    <ClCompile Include="GeneratedFiles\Release\moc_Martingale.cpp">
      <Filter>Generated Files\Release</Filter>
    </ClCompile>
    <ClCompile Include="GeneratedFiles\Debug\moc_GuiMartingale.cpp">
      <Filter>Generated Files\Debug</Filter>
    </ClCompile>
    <ClCompile Include="GeneratedFiles\Release\moc_GuiMartingale.cpp">
      <Filter>Generated Files\Release</Filter>
    </ClCompile>
    <ClCompile Include="GuiMartingale.cpp">
      <Filter>Source Files\GUI</Filter>
    </ClCompile>
    <ClCompile Include="GeneratedFiles\Debug\moc_GuiExchangePairList.cpp">
      <Filter>Generated Files\Debug</Filter>
    </ClCompile>
    <ClCompile Include="GeneratedFiles\Release\moc_GuiExchangePairList.cpp">
      <Filter>Generated Files\Release</Filter>
    </ClCompile>
    <ClCompile Include="GuiExchangePairList.cpp">
      <Filter>Source Files\GUI</Filter>
    </ClCompile>
    <ClCompile Include="Martingale.cpp">
      <Filter>Source Files\Strategy</Filter>
    </ClCompile>
    <ClCompile Include="GeneratedFiles\Debug\moc_ModelPortfolio.cpp">
      <Filter>Generated Files\Debug</Filter>
    </ClCompile>
    <ClCompile Include="GeneratedFiles\Release\moc_ModelPortfolio.cpp">
      <Filter>Generated Files\Release</Filter>
    </ClCompile>
    <ClCompile Include="GeneratedFiles\Debug\moc_TablePortfolio.cpp">
      <Filter>Generated Files\Debug</Filter>
    </ClCompile>
    <ClCompile Include="GeneratedFiles\Release\moc_TablePortfolio.cpp">
      <Filter>Generated Files\Release</Filter>
    </ClCompile>
    <ClCompile Include="PortfolioRow.cpp">
      <Filter>Source Files\Model</Filter>
    </ClCompile>
    <ClCompile Include="TablePortfolio.cpp">
      <Filter>Source Files\GUI</Filter>
    </ClCompile>
    <ClCompile Include="ModelPortfolio.cpp">
      <Filter>Source Files\Model</Filter>
    </ClCompile>
    <ClCompile Include="GeneratedFiles\Debug\moc_TableViewPortfolio.cpp">
      <Filter>Generated Files\Debug</Filter>
    </ClCompile>
    <ClCompile Include="GeneratedFiles\Release\moc_TableViewPortfolio.cpp">
      <Filter>Generated Files\Release</Filter>
    </ClCompile>
    <ClCompile Include="GeneratedFiles\Debug\moc_GuiTrade.cpp">
      <Filter>Generated Files\Debug</Filter>
    </ClCompile>
    <ClCompile Include="TableViewPortfolio.cpp">
      <Filter>Source Files\Table</Filter>
    </ClCompile>
    <ClCompile Include="TableItem.cpp">
      <Filter>Source Files\Table</Filter>
    </ClCompile>
    <ClCompile Include="TableOrder.cpp">
      <Filter>Source Files\Table</Filter>
    </ClCompile>
    <ClCompile Include="TablePosition.cpp">
      <Filter>Source Files\Table</Filter>
    </ClCompile>
    <ClCompile Include="GuiTrade.cpp">
      <Filter>Source Files</Filter>
    </ClCompile>
    <ClCompile Include="GeneratedFiles\Release\moc_GuiTrade.cpp">
      <Filter>Generated Files\Release</Filter>
    </ClCompile>
  </ItemGroup>
  <ItemGroup>
    <CustomBuild Include="GUIChart.ui">
      <Filter>Form Files</Filter>
    </CustomBuild>
    <CustomBuild Include="GUIChart.qrc">
      <Filter>Resource Files</Filter>
    </CustomBuild>
    <CustomBuild Include="AbstractTradeLoader.h">
      <Filter>Header Files\Loader</Filter>
    </CustomBuild>
    <CustomBuild Include="GraphicsTextItem.h">
      <Filter>Header Files\ChartCore</Filter>
    </CustomBuild>
    <CustomBuild Include="Series.h">
      <Filter>Header Files\ChartCore</Filter>
    </CustomBuild>
    <CustomBuild Include="MDITerminal.ui">
      <Filter>Form Files</Filter>
    </CustomBuild>
    <CustomBuild Include="TradeLoader.h">
      <Filter>Header Files\Loader</Filter>
    </CustomBuild>
    <CustomBuild Include="GUIOrderBook.ui">
      <Filter>Form Files</Filter>
    </CustomBuild>
    <CustomBuild Include="GUIChart.h">
      <Filter>Header Files\GUI</Filter>
    </CustomBuild>
    <CustomBuild Include="GUIOrderBook.h">
      <Filter>Header Files\GUI</Filter>
    </CustomBuild>
    <CustomBuild Include="MDITerminal.h">
      <Filter>Header Files\GUI</Filter>
    </CustomBuild>
    <CustomBuild Include="ChartView.h">
      <Filter>Header Files\Widget</Filter>
    </CustomBuild>
    <CustomBuild Include="PriceGraphicsTextItem.h">
      <Filter>Header Files\ChartCore</Filter>
    </CustomBuild>
    <CustomBuild Include="Indicator.h">
      <Filter>Header Files\Entity</Filter>
    </CustomBuild>
    <CustomBuild Include="GuiLogin.ui">
      <Filter>Form Files</Filter>
    </CustomBuild>
    <CustomBuild Include="GuiLogin.h">
      <Filter>Header Files\GUI</Filter>
    </CustomBuild>
    <CustomBuild Include="WrapperDb.h">
      <Filter>Header Files\Wrapper</Filter>
    </CustomBuild>
    <CustomBuild Include="Client.h">
      <Filter>Header Files</Filter>
    </CustomBuild>
    <CustomBuild Include="Chart.h">
      <Filter>Header Files</Filter>
    </CustomBuild>
    <CustomBuild Include="GuiIndicatorsList.ui">
      <Filter>Form Files</Filter>
    </CustomBuild>
    <CustomBuild Include="GuiIndicatorsList.h">
      <Filter>Header Files\GUI</Filter>
    </CustomBuild>
    <CustomBuild Include="AbstractIndicator.h">
      <Filter>Header Files\Indicators</Filter>
    </CustomBuild>
    <CustomBuild Include="GUICompare.ui">
      <Filter>Form Files</Filter>
    </CustomBuild>
    <CustomBuild Include="GUICompare.h">
      <Filter>Header Files\GUI</Filter>
    </CustomBuild>
    <CustomBuild Include="Options.h">
      <Filter>Header Files</Filter>
    </CustomBuild>
    <CustomBuild Include="GuiOptions.ui">
      <Filter>Form Files</Filter>
    </CustomBuild>
    <CustomBuild Include="PropertyNotification.ui">
      <Filter>Form Files</Filter>
    </CustomBuild>
    <CustomBuild Include="PropertyNotification.h">
      <Filter>Header Files\GUI</Filter>
    </CustomBuild>
    <CustomBuild Include="GuiOptions.h">
      <Filter>Header Files\GUI</Filter>
    </CustomBuild>
    <CustomBuild Include="ColorListEditor.h">
      <Filter>Header Files</Filter>
    </CustomBuild>
    <CustomBuild Include="UpDownListEdit.h">
      <Filter>Header Files</Filter>
    </CustomBuild>
    <CustomBuild Include="Position.h">
      <Filter>Header Files</Filter>
    </CustomBuild>
    <CustomBuild Include="GuiPosition.ui">
      <Filter>Form Files</Filter>
    </CustomBuild>
    <CustomBuild Include="GuiOpenPosition.ui">
      <Filter>Form Files</Filter>
    </CustomBuild>
    <CustomBuild Include="WidgetOrderLimit.ui">
      <Filter>Form Files</Filter>
    </CustomBuild>
    <CustomBuild Include="WidgetOrderMarket.ui">
      <Filter>Form Files</Filter>
    </CustomBuild>
    <CustomBuild Include="GuiLog.ui">
      <Filter>Form Files</Filter>
    </CustomBuild>
    <CustomBuild Include="GuiLog.h">
      <Filter>Header Files\GUI</Filter>
    </CustomBuild>
    <CustomBuild Include="PropertyApi.ui">
      <Filter>Form Files</Filter>
    </CustomBuild>
    <CustomBuild Include="GuiModifyPosition.ui">
      <Filter>Form Files</Filter>
    </CustomBuild>
    <CustomBuild Include="GuiModifyPosition.h">
      <Filter>Header Files\GUI</Filter>
    </CustomBuild>
    <CustomBuild Include="TradeApiCore.h">
      <Filter>Header Files\Trade</Filter>
    </CustomBuild>
    <CustomBuild Include="TradeApiWex.h">
      <Filter>Header Files\Trade</Filter>
    </CustomBuild>
    <CustomBuild Include="TradeOrderInfo.h">
      <Filter>Header Files\Trade</Filter>
    </CustomBuild>
    <CustomBuild Include="TradeStorage.h">
      <Filter>Header Files\Trade</Filter>
    </CustomBuild>
    <CustomBuild Include="Entity\Balance.h">
      <Filter>Header Files\Entity</Filter>
    </CustomBuild>
    <CustomBuild Include="ControllerOrderBook.h">
      <Filter>Header Files\Controller</Filter>
    </CustomBuild>
    <CustomBuild Include="UserRegistrationClient.h">
      <Filter>Header Files\Controller</Filter>
    </CustomBuild>
    <CustomBuild Include="PropertyApi.h">
      <Filter>Header Files</Filter>
    </CustomBuild>
    <CustomBuild Include="PositionController.h">
      <Filter>Header Files\Controller</Filter>
    </CustomBuild>
    <CustomBuild Include="TradeApiDemo.h">
      <Filter>Header Files\Trade</Filter>
    </CustomBuild>
    <CustomBuild Include="GuiMartingale.ui">
      <Filter>Form Files</Filter>
    </CustomBuild>
    <CustomBuild Include="GuiMartingale.h">
      <Filter>Header Files\GUI</Filter>
    </CustomBuild>
    <CustomBuild Include="GuiExchangePairList.ui">
      <Filter>Form Files</Filter>
    </CustomBuild>
    <CustomBuild Include="GuiExchangePairList.h">
      <Filter>Header Files\GUI</Filter>
    </CustomBuild>
    <CustomBuild Include="Martingale.h">
      <Filter>Header Files\Strategy</Filter>
    </CustomBuild>
    <CustomBuild Include="TablePortfolio.ui">
      <Filter>Form Files</Filter>
    </CustomBuild>
    <CustomBuild Include="TablePortfolio.h">
      <Filter>Header Files\GUI</Filter>
    </CustomBuild>
    <CustomBuild Include="ModelPortfolio.h">
      <Filter>Header Files\Model</Filter>
    </CustomBuild>
    <CustomBuild Include="TableViewPortfolio.h">
      <Filter>Header Files\Table</Filter>
    </CustomBuild>
    <CustomBuild Include="TableItem.h">
      <Filter>Header Files\Table</Filter>
    </CustomBuild>
    <CustomBuild Include="TableOrder.h">
      <Filter>Header Files\Table</Filter>
    </CustomBuild>
    <CustomBuild Include="TablePosition.h">
      <Filter>Header Files\Table</Filter>
    </CustomBuild>
    <CustomBuild Include="GuiTrade.ui">
      <Filter>Form Files</Filter>
    </CustomBuild>
    <CustomBuild Include="GuiTrade.h">
      <Filter>Header Files\GUI</Filter>
    </CustomBuild>
  </ItemGroup>
  <ItemGroup>
    <ClInclude Include="localSeries.h">
      <Filter>Header Files\LocalFiles</Filter>
    </ClInclude>
    <ClInclude Include="GeneratedFiles\ui_GUIChart.h">
      <Filter>Generated Files</Filter>
    </ClInclude>
    <ClInclude Include="GeneratedFiles\ui_GUIOrderBook.h">
      <Filter>Generated Files</Filter>
    </ClInclude>
    <ClInclude Include="GeneratedFiles\ui_MDITerminal.h">
      <Filter>Generated Files</Filter>
    </ClInclude>
    <ClInclude Include="GeneratedFiles\ui_GuiLogin.h">
      <Filter>Generated Files</Filter>
    </ClInclude>
    <ClInclude Include="call_once.h">
      <Filter>Header Files\Pattern</Filter>
    </ClInclude>
    <ClInclude Include="Singleton.h">
      <Filter>Header Files\Pattern</Filter>
    </ClInclude>
    <ClInclude Include="TradePrice.h">
      <Filter>Header Files\Entity</Filter>
    </ClInclude>
    <ClInclude Include="Order.h">
      <Filter>Header Files\Entity</Filter>
    </ClInclude>
    <ClInclude Include="DepthOrder.h">
      <Filter>Header Files\Entity</Filter>
    </ClInclude>
    <ClInclude Include="ChartTracker.h">
      <Filter>Header Files</Filter>
    </ClInclude>
    <ClInclude Include="IndicatorDx.h">
      <Filter>Header Files\Indicators</Filter>
    </ClInclude>
    <ClInclude Include="Calculation.h">
      <Filter>Header Files</Filter>
    </ClInclude>
    <ClInclude Include="GeneratedFiles\ui_GuiIndicatorsList.h">
      <Filter>Generated Files</Filter>
    </ClInclude>
    <ClInclude Include="IndicatorSma.h">
      <Filter>Header Files\Indicators</Filter>
    </ClInclude>
    <ClInclude Include="IndicatorStochastic.h">
      <Filter>Header Files\Indicators</Filter>
    </ClInclude>
    <ClInclude Include="IndicatorParabollicSar.h">
      <Filter>Header Files\Indicators</Filter>
    </ClInclude>
    <ClInclude Include="GeneratedFiles\ui_GUICompare.h">
      <Filter>Generated Files</Filter>
    </ClInclude>
    <ClInclude Include="IndicatorBollinger.h">
      <Filter>Header Files\Indicators</Filter>
    </ClInclude>
    <ClInclude Include="GeneratedFiles\ui_GuiOptions.h">
      <Filter>Generated Files</Filter>
    </ClInclude>
    <ClInclude Include="GeneratedFiles\ui_PropertyNotification.h">
      <Filter>Generated Files</Filter>
    </ClInclude>
    <ClInclude Include="json.hpp">
      <Filter>Header Files</Filter>
    </ClInclude>
    <ClInclude Include="GeneratedFiles\ui_GuiPosition.h">
      <Filter>Generated Files</Filter>
    </ClInclude>
    <ClInclude Include="GeneratedFiles\ui_WidgetOrderLimit.h">
      <Filter>Generated Files</Filter>
    </ClInclude>
    <ClInclude Include="GeneratedFiles\ui_WidgetOrderMarket.h">
      <Filter>Generated Files</Filter>
    </ClInclude>
    <ClInclude Include="GeneratedFiles\ui_GuiOpenPosition.h">
      <Filter>Generated Files</Filter>
    </ClInclude>
    <ClInclude Include="GeneratedFiles\ui_GuiLog.h">
      <Filter>Generated Files</Filter>
    </ClInclude>
    <ClInclude Include="GeneratedFiles\ui_PropertyApi.h">
      <Filter>Generated Files</Filter>
    </ClInclude>
    <ClInclude Include="GeneratedFiles\ui_GuiModifyPosition.h">
      <Filter>Generated Files</Filter>
    </ClInclude>
    <ClInclude Include="GeneratedFiles\ui_GuiMartingale.h">
      <Filter>Generated Files</Filter>
    </ClInclude>
    <ClInclude Include="GeneratedFiles\ui_GuiExchangePairList.h">
      <Filter>Generated Files</Filter>
    </ClInclude>
    <ClInclude Include="SqlRequest.h">
      <Filter>Header Files</Filter>
    </ClInclude>
    <ClInclude Include="GeneratedFiles\ui_TablePortfolio.h">
      <Filter>Generated Files</Filter>
    </ClInclude>
    <ClInclude Include="PortfolioRow.h">
      <Filter>Header Files\Model</Filter>
    </ClInclude>
    <ClInclude Include="GeneratedFiles\ui_GuiTrade.h">
      <Filter>Generated Files</Filter>
    </ClInclude>
  </ItemGroup>
</Project>